
Microsoft Visual Studio Solution File, Format Version 12.00
# Visual Studio 15
VisualStudioVersion = 15.0.28307.1321
MinimumVisualStudioVersion = 10.0.40219.1
Project("{FAE04EC0-301F-11D3-BF4B-00C04F79EFBC}") = "MyDictionary", "MyDictionary\MyDictionary.csproj", "{315F4A6C-CBEE-4055-8EA2-D86AB72B4427}"
EndProject
Global
	GlobalSection(SolutionConfigurationPlatforms) = preSolution
		Debug|Any CPU = Debug|Any CPU
		Release|Any CPU = Release|Any CPU
	EndGlobalSection
	GlobalSection(ProjectConfigurationPlatforms) = postSolution
		{315F4A6C-CBEE-4055-8EA2-D86AB72B4427}.Debug|Any CPU.ActiveCfg = Debug|Any CPU
		{315F4A6C-CBEE-4055-8EA2-D86AB72B4427}.Debug|Any CPU.Build.0 = Debug|Any CPU
		{315F4A6C-CBEE-4055-8EA2-D86AB72B4427}.Release|Any CPU.ActiveCfg = Release|Any CPU
		{315F4A6C-CBEE-4055-8EA2-D86AB72B4427}.Release|Any CPU.Build.0 = Release|Any CPU
	EndGlobalSection
	GlobalSection(SolutionProperties) = preSolution
		HideSolutionNode = FALSE
	EndGlobalSection
	GlobalSection(ExtensibilityGlobals) = postSolution
		SolutionGuid = {ED0403C8-E36D-48B3-A02A-427C6F633313}
	EndGlobalSection
EndGlobal
